
Microsoft Visual Studio Solution File, Format Version 12.00
# Visual Studio Version 16
VisualStudioVersion = 16.0.32802.440
MinimumVisualStudioVersion = 10.0.40219.1
Project("{FAE04EC0-301F-11D3-BF4B-00C04F79EFBC}") = "Homework-1", "Homework-1\Homework-1.csproj", "{7790C3D2-1F86-470E-A94D-AD2857B05FF8}"
EndProject
Global
	GlobalSection(SolutionConfigurationPlatforms) = preSolution
		Debug|Any CPU = Debug|Any CPU
		Release|Any CPU = Release|Any CPU
	EndGlobalSection
	GlobalSection(ProjectConfigurationPlatforms) = postSolution
		{7790C3D2-1F86-470E-A94D-AD2857B05FF8}.Debug|Any CPU.ActiveCfg = Debug|Any CPU
		{7790C3D2-1F86-470E-A94D-AD2857B05FF8}.Debug|Any CPU.Build.0 = Debug|Any CPU
		{7790C3D2-1F86-470E-A94D-AD2857B05FF8}.Release|Any CPU.ActiveCfg = Release|Any CPU
		{7790C3D2-1F86-470E-A94D-AD2857B05FF8}.Release|Any CPU.Build.0 = Release|Any CPU
	EndGlobalSection
	GlobalSection(SolutionProperties) = preSolution
		HideSolutionNode = FALSE
	EndGlobalSection
	GlobalSection(ExtensibilityGlobals) = postSolution
		SolutionGuid = {B17DD1E5-2FD3-4EF2-BB5C-52B5DEE43CF2}
	EndGlobalSection
EndGlobal
